
Microsoft Visual Studio Solution File, Format Version 12.00
# Visual Studio Version 16
VisualStudioVersion = 16.0.32630.194
MinimumVisualStudioVersion = 10.0.40219.1
Project("{8BC9CEB8-8B4A-11D0-8D11-00A0C91BC942}") = "al_logic", "al_logic.vcxproj", "{85BA7D82-7295-47C9-BBF6-725A87125765}"
EndProject
Project("{8BC9CEB8-8B4A-11D0-8D11-00A0C91BC942}") = "al_test", "..\al_test\al_test.vcxproj", "{3F054B34-C7BF-43FF-B031-928E0F9F332C}"
EndProject
Project("{FAE04EC0-301F-11D3-BF4B-00C04F79EFBC}") = "AlLogicGUI", "..\AlLogicGUI\AlLogicGUI.csproj", "{FA0B9EE4-676B-46C4-B249-218F5B7A6F15}"
EndProject
Global
	GlobalSection(SolutionConfigurationPlatforms) = preSolution
		Debug|Any CPU = Debug|Any CPU
		Debug|x64 = Debug|x64
		Debug|x86 = Debug|x86
		Release|Any CPU = Release|Any CPU
		Release|x64 = Release|x64
		Release|x86 = Release|x86
	EndGlobalSection
	GlobalSection(ProjectConfigurationPlatforms) = postSolution
		{85BA7D82-7295-47C9-BBF6-725A87125765}.Debug|Any CPU.ActiveCfg = Debug|Win32
		{85BA7D82-7295-47C9-BBF6-725A87125765}.Debug|x64.ActiveCfg = Debug|x64
		{85BA7D82-7295-47C9-BBF6-725A87125765}.Debug|x64.Build.0 = Debug|x64
		{85BA7D82-7295-47C9-BBF6-725A87125765}.Debug|x86.ActiveCfg = Debug|Win32
		{85BA7D82-7295-47C9-BBF6-725A87125765}.Debug|x86.Build.0 = Debug|Win32
		{85BA7D82-7295-47C9-BBF6-725A87125765}.Release|Any CPU.ActiveCfg = Release|Win32
		{85BA7D82-7295-47C9-BBF6-725A87125765}.Release|x64.ActiveCfg = Release|x64
		{85BA7D82-7295-47C9-BBF6-725A87125765}.Release|x64.Build.0 = Release|x64
		{85BA7D82-7295-47C9-BBF6-725A87125765}.Release|x86.ActiveCfg = Release|Win32
		{85BA7D82-7295-47C9-BBF6-725A87125765}.Release|x86.Build.0 = Release|Win32
		{3F054B34-C7BF-43FF-B031-928E0F9F332C}.Debug|Any CPU.ActiveCfg = Debug|Win32
		{3F054B34-C7BF-43FF-B031-928E0F9F332C}.Debug|x64.ActiveCfg = Debug|x64
		{3F054B34-C7BF-43FF-B031-928E0F9F332C}.Debug|x64.Build.0 = Debug|x64
		{3F054B34-C7BF-43FF-B031-928E0F9F332C}.Debug|x86.ActiveCfg = Debug|Win32
		{3F054B34-C7BF-43FF-B031-928E0F9F332C}.Debug|x86.Build.0 = Debug|Win32
		{3F054B34-C7BF-43FF-B031-928E0F9F332C}.Release|Any CPU.ActiveCfg = Release|Win32
		{3F054B34-C7BF-43FF-B031-928E0F9F332C}.Release|x64.ActiveCfg = Release|x64
		{3F054B34-C7BF-43FF-B031-928E0F9F332C}.Release|x64.Build.0 = Release|x64
		{3F054B34-C7BF-43FF-B031-928E0F9F332C}.Release|x86.ActiveCfg = Release|Win32
		{3F054B34-C7BF-43FF-B031-928E0F9F332C}.Release|x86.Build.0 = Release|Win32
		{FA0B9EE4-676B-46C4-B249-218F5B7A6F15}.Debug|Any CPU.ActiveCfg = Debug|Any CPU
		{FA0B9EE4-676B-46C4-B249-218F5B7A6F15}.Debug|Any CPU.Build.0 = Debug|Any CPU
		{FA0B9EE4-676B-46C4-B249-218F5B7A6F15}.Debug|x64.ActiveCfg = Debug|Any CPU
		{FA0B9EE4-676B-46C4-B249-218F5B7A6F15}.Debug|x64.Build.0 = Debug|Any CPU
		{FA0B9EE4-676B-46C4-B249-218F5B7A6F15}.Debug|x86.ActiveCfg = Debug|Any CPU
		{FA0B9EE4-676B-46C4-B249-218F5B7A6F15}.Debug|x86.Build.0 = Debug|Any CPU
		{FA0B9EE4-676B-46C4-B249-218F5B7A6F15}.Release|Any CPU.ActiveCfg = Release|Any CPU
		{FA0B9EE4-676B-46C4-B249-218F5B7A6F15}.Release|Any CPU.Build.0 = Release|Any CPU
		{FA0B9EE4-676B-46C4-B249-218F5B7A6F15}.Release|x64.ActiveCfg = Release|Any CPU
		{FA0B9EE4-676B-46C4-B249-218F5B7A6F15}.Release|x64.Build.0 = Release|Any CPU
		{FA0B9EE4-676B-46C4-B249-218F5B7A6F15}.Release|x86.ActiveCfg = Release|Any CPU
		{FA0B9EE4-676B-46C4-B249-218F5B7A6F15}.Release|x86.Build.0 = Release|Any CPU
	EndGlobalSection
	GlobalSection(SolutionProperties) = preSolution
		HideSolutionNode = FALSE
	EndGlobalSection
	GlobalSection(ExtensibilityGlobals) = postSolution
		SolutionGuid = {F60504A8-2F11-4223-A93A-894717FEC935}
	EndGlobalSection
EndGlobal
